
Microsoft Visual Studio Solution File, Format Version 12.00
# Visual Studio Version 16
VisualStudioVersion = 16.0.31702.278
MinimumVisualStudioVersion = 10.0.40219.1
Project("{FAE04EC0-301F-11D3-BF4B-00C04F79EFBC}") = "Battleship", "Battleship.csproj", "{1C2E52D1-D53A-4A6C-8665-15D87C65F422}"
EndProject
Global
	GlobalSection(SolutionConfigurationPlatforms) = preSolution
		Debug|Any CPU = Debug|Any CPU
		Release|Any CPU = Release|Any CPU
	EndGlobalSection
	GlobalSection(ProjectConfigurationPlatforms) = postSolution
		{1C2E52D1-D53A-4A6C-8665-15D87C65F422}.Debug|Any CPU.ActiveCfg = Debug|Any CPU
		{1C2E52D1-D53A-4A6C-8665-15D87C65F422}.Debug|Any CPU.Build.0 = Debug|Any CPU
		{1C2E52D1-D53A-4A6C-8665-15D87C65F422}.Release|Any CPU.ActiveCfg = Release|Any CPU
		{1C2E52D1-D53A-4A6C-8665-15D87C65F422}.Release|Any CPU.Build.0 = Release|Any CPU
	EndGlobalSection
	GlobalSection(SolutionProperties) = preSolution
		HideSolutionNode = FALSE
	EndGlobalSection
	GlobalSection(ExtensibilityGlobals) = postSolution
		SolutionGuid = {B484C173-41CE-4EBD-8C73-5D42CDB1C8C4}
	EndGlobalSection
EndGlobal
